
Microsoft Visual Studio Solution File, Format Version 12.00
# Visual Studio Version 16
VisualStudioVersion = 16.0.31205.134
MinimumVisualStudioVersion = 10.0.40219.1
Project("{FAE04EC0-301F-11D3-BF4B-00C04F79EFBC}") = "COP", "COP.csproj", "{06BB1C63-368B-4625-BB6B-803A152C32CC}"
EndProject
Global
	GlobalSection(SolutionConfigurationPlatforms) = preSolution
		Debug|Any CPU = Debug|Any CPU
		Release|Any CPU = Release|Any CPU
	EndGlobalSection
	GlobalSection(ProjectConfigurationPlatforms) = postSolution
		{06BB1C63-368B-4625-BB6B-803A152C32CC}.Debug|Any CPU.ActiveCfg = Debug|Any CPU
		{06BB1C63-368B-4625-BB6B-803A152C32CC}.Debug|Any CPU.Build.0 = Debug|Any CPU
		{06BB1C63-368B-4625-BB6B-803A152C32CC}.Release|Any CPU.ActiveCfg = Release|Any CPU
		{06BB1C63-368B-4625-BB6B-803A152C32CC}.Release|Any CPU.Build.0 = Release|Any CPU
	EndGlobalSection
	GlobalSection(SolutionProperties) = preSolution
		HideSolutionNode = FALSE
	EndGlobalSection
	GlobalSection(ExtensibilityGlobals) = postSolution
		SolutionGuid = {A492A48A-3F27-4A93-B60A-C7CFBE6F00DD}
	EndGlobalSection
EndGlobal
